lockfileVersion: '9.0'

settings:
  autoInstallPeers: true
  excludeLinksFromLockfile: false

importers:

  .:
    dependencies:
      '@tauri-apps/api':
        specifier: ^2
        version: 2.11.1
      '@tauri-apps/plugin-dialog':
        specifier: ^2.7.2
        version: 2.7.2
      '@tauri-apps/plugin-notification':
        specifier: ^2.3.3
        version: 2.3.3
      '@tauri-apps/plugin-opener':
        specifier: ^2.5.4
        version: 2.5.4
      '@xterm/addon-fit':
        specifier: ^0.11.0
        version: 0.11.0
      '@xterm/xterm':
        specifier: ^6.0.0
        version: 6.0.0
    devDependencies:
      '@sveltejs/adapter-static':
        specifier: ^3.0.6
        version: 3.0.6(@sveltejs/kit@2.70.3(@sveltejs/vite-plugin-svelte@5.0.0(svelte@5.56.9)(vite@6.4.3))(svelte@5.56.9)(typescript@5.6.2)(vite@6.4.3))
      '@sveltejs/kit':
        specifier: ^2.9.0
        version: 2.70.3(@sveltejs/vite-plugin-svelte@5.0.0(svelte@5.56.9)(vite@6.4.3))(svelte@5.56.9)(typescript@5.6.2)(vite@6.4.3)
      '@sveltejs/vite-plugin-svelte':
        specifier: ^5.0.0
        version: 5.0.0(svelte@5.56.9)(vite@6.4.3)
      '@tauri-apps/cli':
        specifier: ^2
        version: 2.11.4
      svelte:
        specifier: ^5.0.0
        version: 5.56.9
      svelte-check:
        specifier: ^4.0.0
        version: 4.7.6(picomatch@4.0.5)(svelte@5.56.9)(typescript@5.6.2)
      typescript:
        specifier: ~5.6.2
        version: 5.6.2
      vite:
        specifier: ^6.0.3
        version: 6.4.3

packages:

  '@esbuild/aix-ppc64@0.25.0':
    resolution: {integrity: sha512-O7vun9Sf8DFjH2UtqK8Ku3LkquL9SZL8OLY1T5NZkA34+wG3OQF7cl4Ql8vdNzM6fzBbYfLaiRLIOZ+2FOCgBQ==}
    engines: {node: '>=18'}
    cpu: [ppc64]
    os: [aix]

  '@esbuild/android-arm64@0.25.0':
    resolution: {integrity: sha512-grvv8WncGjDSyUBjN9yHXNt+cq0snxXbDxy5pJtzMKGmmpPxeAmAhWxXI+01lU5rwZomDgD3kJwulEnhTRUd6g==}
    engines: {node: '>=18'}
    cpu: [arm64]
    os: [android]

  '@esbuild/android-arm@0.25.0':
    resolution: {integrity: sha512-PTyWCYYiU0+1eJKmw21lWtC+d08JDZPQ5g+kFyxP0V+es6VPPSUhM6zk8iImp2jbV6GwjX4pap0JFbUQN65X1g==}
    engines: {node: '>=18'}
    cpu: [arm]
    os: [android]

  '@esbuild/android-x64@0.25.0':
    resolution: {integrity: sha512-m/ix7SfKG5buCnxasr52+LI78SQ+wgdENi9CqyCXwjVR2X4Jkz+BpC3le3AoBPYTC9NHklwngVXvbJ9/Akhrfg==}
    engines: {node: '>=18'}
    cpu: [x64]
    os: [android]

  '@esbuild/darwin-arm64@0.25.0':
    resolution: {integrity: sha512-mVwdUb5SRkPayVadIOI78K7aAnPamoeFR2bT5nszFUZ9P8UpK4ratOdYbZZXYSqPKMHfS1wdHCJk1P1EZpRdvw==}
    engines: {node: '>=18'}
    cpu: [arm64]
    os: [darwin]

  '@esbuild/darwin-x64@0.25.0':
    resolution: {integrity: sha512-DgDaYsPWFTS4S3nWpFcMn/33ZZwAAeAFKNHNa1QN0rI4pUjgqf0f7ONmXf6d22tqTY+H9FNdgeaAa+YIFUn2Rg==}
    engines: {node: '>=18'}
    cpu: [x64]
    os: [darwin]

  '@esbuild/freebsd-arm64@0.25.0':
    resolution: {integrity: sha512-VN4ocxy6dxefN1MepBx/iD1dH5K8qNtNe227I0mnTRjry8tj5MRk4zprLEdG8WPyAPb93/e4pSgi1SoHdgOa4w==}
    engines: {node: '>=18'}
    cpu: [arm64]
    os: [freebsd]

  '@esbuild/freebsd-x64@0.25.0':
    resolution: {integrity: sha512-mrSgt7lCh07FY+hDD1TxiTyIHyttn6vnjesnPoVDNmDfOmggTLXRv8Id5fNZey1gl/V2dyVK1VXXqVsQIiAk+A==}
    engines: {node: '>=18'}
    cpu: [x64]
    os: [freebsd]

  '@esbuild/linux-arm64@0.25.0':
    resolution: {integrity: sha512-9QAQjTWNDM/Vk2bgBl17yWuZxZNQIF0OUUuPZRKoDtqF2k4EtYbpyiG5/Dk7nqeK6kIJWPYldkOcBqjXjrUlmg==}
    engines: {node: '>=18'}
    cpu: [arm64]
    os: [linux]

  '@esbuild/linux-arm@0.25.0':
    resolution: {integrity: sha512-vkB3IYj2IDo3g9xX7HqhPYxVkNQe8qTK55fraQyTzTX/fxaDtXiEnavv9geOsonh2Fd2RMB+i5cbhu2zMNWJwg==}
    engines: {node: '>=18'}
    cpu: [arm]
    os: [linux]

  '@esbuild/linux-ia32@0.25.0':
    resolution: {integrity: sha512-43ET5bHbphBegyeqLb7I1eYn2P/JYGNmzzdidq/w0T8E2SsYL1U6un2NFROFRg1JZLTzdCoRomg8Rvf9M6W6Gg==}
    engines: {node: '>=18'}
    cpu: [ia32]
    os: [linux]

  '@esbuild/linux-loong64@0.25.0':
    resolution: {integrity: sha512-fC95c/xyNFueMhClxJmeRIj2yrSMdDfmqJnyOY4ZqsALkDrrKJfIg5NTMSzVBr5YW1jf+l7/cndBfP3MSDpoHw==}
    engines: {node: '>=18'}
    cpu: [loong64]
    os: [linux]

  '@esbuild/linux-mips64el@0.25.0':
    resolution: {integrity: sha512-nkAMFju7KDW73T1DdH7glcyIptm95a7Le8irTQNO/qtkoyypZAnjchQgooFUDQhNAy4iu08N79W4T4pMBwhPwQ==}
    engines: {node: '>=18'}
    cpu: [mips64el]
    os: [linux]

  '@esbuild/linux-ppc64@0.25.0':
    resolution: {integrity: sha512-NhyOejdhRGS8Iwv+KKR2zTq2PpysF9XqY+Zk77vQHqNbo/PwZCzB5/h7VGuREZm1fixhs4Q/qWRSi5zmAiO4Fw==}
    engines: {node: '>=18'}
    cpu: [ppc64]
    os: [linux]

  '@esbuild/linux-riscv64@0.25.0':
    resolution: {integrity: sha512-5S/rbP5OY+GHLC5qXp1y/Mx//e92L1YDqkiBbO9TQOvuFXM+iDqUNG5XopAnXoRH3FjIUDkeGcY1cgNvnXp/kA==}
    engines: {node: '>=18'}
    cpu: [riscv64]
    os: [linux]

  '@esbuild/linux-s390x@0.25.0':
    resolution: {integrity: sha512-XM2BFsEBz0Fw37V0zU4CXfcfuACMrppsMFKdYY2WuTS3yi8O1nFOhil/xhKTmE1nPmVyvQJjJivgDT+xh8pXJA==}
    engines: {node: '>=18'}
    cpu: [s390x]
    os: [linux]

  '@esbuild/linux-x64@0.25.0':
    resolution: {integrity: sha512-9yl91rHw/cpwMCNytUDxwj2XjFpxML0y9HAOH9pNVQDpQrBxHy01Dx+vaMu0N1CKa/RzBD2hB4u//nfc+Sd3Cw==}
    engines: {node: '>=18'}
    cpu: [x64]
    os: [linux]

  '@esbuild/netbsd-arm64@0.25.0':
    resolution: {integrity: sha512-RuG4PSMPFfrkH6UwCAqBzauBWTygTvb1nxWasEJooGSJ/NwRw7b2HOwyRTQIU97Hq37l3npXoZGYMy3b3xYvPw==}
    engines: {node: '>=18'}
    cpu: [arm64]
    os: [netbsd]

  '@esbuild/netbsd-x64@0.25.0':
    resolution: {integrity: sha512-jl+qisSB5jk01N5f7sPCsBENCOlPiS/xptD5yxOx2oqQfyourJwIKLRA2yqWdifj3owQZCL2sn6o08dBzZGQzA==}
    engines: {node: '>=18'}
    cpu: [x64]
    os: [netbsd]

  '@esbuild/openbsd-arm64@0.25.0':
    resolution: {integrity: sha512-21sUNbq2r84YE+SJDfaQRvdgznTD8Xc0oc3p3iW/a1EVWeNj/SdUCbm5U0itZPQYRuRTW20fPMWMpcrciH2EJw==}
    engines: {node: '>=18'}
    cpu: [arm64]
    os: [openbsd]

  '@esbuild/openbsd-x64@0.25.0':
    resolution: {integrity: sha512-2gwwriSMPcCFRlPlKx3zLQhfN/2WjJ2NSlg5TKLQOJdV0mSxIcYNTMhk3H3ulL/cak+Xj0lY1Ym9ysDV1igceg==}
    engines: {node: '>=18'}
    cpu: [x64]
    os: [openbsd]

  '@esbuild/sunos-x64@0.25.0':
    resolution: {integrity: sha512-bxI7ThgLzPrPz484/S9jLlvUAHYMzy6I0XiU1ZMeAEOBcS0VePBFxh1JjTQt3Xiat5b6Oh4x7UC7IwKQKIJRIg==}
    engines: {node: '>=18'}
    cpu: [x64]
    os: [sunos]

  '@esbuild/win32-arm64@0.25.0':
    resolution: {integrity: sha512-ZUAc2YK6JW89xTbXvftxdnYy3m4iHIkDtK3CLce8wg8M2L+YZhIvO1DKpxrd0Yr59AeNNkTiic9YLf6FTtXWMw==}
    engines: {node: '>=18'}
    cpu: [arm64]
    os: [win32]

  '@esbuild/win32-ia32@0.25.0':
    resolution: {integrity: sha512-eSNxISBu8XweVEWG31/JzjkIGbGIJN/TrRoiSVZwZ6pkC6VX4Im/WV2cz559/TXLcYbcrDN8JtKgd9DJVIo8GA==}
    engines: {node: '>=18'}
    cpu: [ia32]
    os: [win32]

  '@esbuild/win32-x64@0.25.0':
    resolution: {integrity: sha512-ZENoHJBxA20C2zFzh6AI4fT6RraMzjYw4xKWemRTRmRVtN9c5DcH9r/f2ihEkMjOW5eGgrwCslG/+Y/3bL+DHQ==}
    engines: {node: '>=18'}
    cpu: [x64]
    os: [win32]

  '@jridgewell/gen-mapping@0.3.5':
    resolution: {integrity: sha512-IzL8ZoEDIBRWEzlCcRhOaCupYyN5gdIK+Q6fbFdPDg6HqX6jpkItn7DFIpW9LQzXG6Df9sA7+OKnq0qlz/GaQg==}
    engines: {node: '>=6.0.0'}

  '@jridgewell/remapping@2.3.5':
    resolution: {integrity: sha512-LI9u/+laYG4Ds1TDKSJW2YPrIlcVYOwi2fUC6xB43lueCjgxV4lffOCZCtYFiH6TNOX+tQKXx97T4IKHbhyHEQ==}

  '@jridgewell/resolve-uri@3.1.2':
    resolution: {integrity: sha512-bRISgCIjP20/tbWSPWMEi54QVPRZExkuD9lJL+UIxUKtwVJA8wW1Trb1jMs1RFXo1CBTNZ/5hpC9QvmKWdopKw==}
    engines: {node: '>=6.0.0'}

  '@jridgewell/set-array@1.2.1':
    resolution: {integrity: sha512-R8gLRTZeyp03ymzP/6Lil/28tGeGEzhx1q2k703KGWRAI1VdvPIXdG70VJc2pAMw3NA6JKL5hhFu1sJX0Mnn/A==}
    engines: {node: '>=6.0.0'}

  '@jridgewell/sourcemap-codec@1.4.14':
    resolution: {integrity: sha512-XPSJHWmi394fuUuzDnGz1wiKqWfo1yXecHQMRf2l6hztTO+nPru658AyDngaBe7isIxEkRsPR3FZh+s7iVa4Uw==}

  '@jridgewell/sourcemap-codec@1.4.15':
    resolution: {integrity: sha512-eF2rxCRulEKXHTRiDrDy6erMYWqNw4LPdQ8UQA4huuxaQsVeRPFl2oM8oDGxMFhJUWZf9McpLtJasDDZb/Bpeg==}

  '@jridgewell/sourcemap-codec@1.5.0':
    resolution: {integrity: sha512-gv3ZRaISU3fjPAgNsriBRqGWQL6quFx04YMPW/zD8XMLsU32mhCCbfbO6KZFLjvYpCZ8zyDEgqsgf+PwPaM7GQ==}

  '@jridgewell/trace-mapping@0.3.31':
    resolution: {integrity: sha512-zzNR+SdQSDJzc8joaeP8QQoCQr8NuYx2dIIytl1QeBEZHJ9uW6hebsrYgbz8hJwUQao3TWCMtmfV8Nu1twOLAw==}

  '@napi-rs/lzma-linux-x64-gnu@1.5.1':
    resolution: {integrity: sha512-oTXEIha4SsuXdTA4Iyskj0kpdx2yVXdhd75c2v3xGrHFfVMsbhTPZU/nMPL4sWKo4pBHm3aucLaqGlF696dTyQ==}
    engines: {node: ^22.20 || ^24.12 || >=25}
    cpu: [x64]
    os: [linux]
    libc: [glibc]

  '@polka/url@1.0.0-next.29':
    resolution: {integrity: sha512-wwQAWhWSuHaag8c4q/KN/vCoeOJYshAIvMQwD4GpSb3OiZklFfvAgmj0VCBBImRpuF/aFgIRzllXlVX93Jevww==}

  '@rollup/rollup-android-arm-eabi@4.62.4':
    resolution: {integrity: sha512-RrPokAb7dmbxFoeO3TloqHyOjgye8RkBhSqmp4aJMIex4c9r46ZstPnleDQOq1t46VOVjwIuwNogIqbodV1Vvg==}
    cpu: [arm]
    os: [android]

  '@rollup/rollup-android-arm64@4.62.4':
    resolution: {integrity: sha512-JKuJc+pnpks2pjy7L/N3v/cAkZxYlnmuZoD840ldbMI5KDbC4iO9NKwPKYdjYFCMAIIlBzYSFHxIJVYzRo2/8A==}
    cpu: [arm64]
    os: [android]

  '@rollup/rollup-darwin-arm64@4.62.4':
    resolution: {integrity: sha512-krw5uS2STmvJ02x0uTXHbqQNuz+9eZ1iw+qXk9dmW2gvV4jV7O2hEoOnuhFrpOPiel1mBFtqbxYZZtC46hXLOw==}
    cpu: [arm64]
    os: [darwin]

  '@rollup/rollup-darwin-x64@4.62.4':
    resolution: {integrity: sha512-wsTxtgApb4PrOsNJIm0FZ1h3WvCC+k9uxLJ4ad75hgoS4NiRes2SoJFlDAyMwiUY8IssDqGcHbXuN0sx1tfF1A==}
    cpu: [x64]
    os: [darwin]

  '@rollup/rollup-freebsd-arm64@4.62.4':
    resolution: {integrity: sha512-GUOnQlyZe3yAXhWOtOMsn5Qkrv5E5mZXa0thbARWi5Ei2szlVXJFQhddZ4HbAzh8q92w5twp+CQvs/eFanz9YQ==}
    cpu: [arm64]
    os: [freebsd]

  '@rollup/rollup-freebsd-x64@4.62.4':
    resolution: {integrity: sha512-/Y7f3QuxjzPKsjA/rfEDa3+0vXqyjmJ50Ln8dPpCmWkKTrUoWHG1cWhTqaAMLob2m2nESWuC7yGrREz019Ztqg==}
    cpu: [x64]
    os: [freebsd]

  '@rollup/rollup-linux-arm-gnueabihf@4.62.4':
    resolution: {integrity: sha512-81wiiX3v7aqy+T+bT61TJ78yJjRquqFFTTbAPt08imfQQzkPIW8t6aJbkTagtCCrXMNc9D66+geqlK7ydLPNqA==}
    cpu: [arm]
    os: [linux]
    libc: [glibc]

  '@rollup/rollup-linux-arm-musleabihf@4.62.4':
    resolution: {integrity: sha512-9kmDIvNZqdoHOBZgNtpTBeLWYO/LVipM3H/j62P8848/l/VPEQL6N3uxU9pvP1oZAsXyC2MEnFP3ovRjo7WYNQ==}
    cpu: [arm]
    os: [linux]
    libc: [musl]

  '@rollup/rollup-linux-arm64-gnu@4.62.4':
    resolution: {integrity: sha512-CcnXHWnXg69g+DX5VWL3FHts3qMRN2uVEHX+BZvGLdd07/gXkn3ePjYtO1LDJvxkGKVHMclKBRa1QUTH+6toYQ==}
    cpu: [arm64]
    os: [linux]
    libc: [glibc]

  '@rollup/rollup-linux-arm64-musl@4.62.4':
    resolution: {integrity: sha512-iFOibiHnTRuhrWLlRsOQFdZJJIa7S8OwkneJr4ocALP16u5yk6lWLINFwhHaEqBFMsKDUZofLkGos7+CPzGB3g==}
    cpu: [arm64]
    os: [linux]
    libc: [musl]

  '@rollup/rollup-linux-loong64-gnu@4.62.4':
    resolution: {integrity: sha512-XnWYMI7euHlb5a871xPja+Gm7DRCFU+FGRrtS2sMq9N8FvqtpagUy6gD4YOemC5MRk9xbh8+jYMEJbigFQwsgA==}
    cpu: [loong64]
    os: [linux]
    libc: [glibc]

  '@rollup/rollup-linux-loong64-musl@4.62.4':
    resolution: {integrity: sha512-qGDAlO0U8xedCcsdRm9oaoQY8DAx/QT7uIxJWhCdx0ceIWX783UC9QSYkdpzAe29wNiVfp24+bZdQmn49o45SQ==}
    cpu: [loong64]
    os: [linux]
    libc: [musl]

  '@rollup/rollup-linux-ppc64-gnu@4.62.4':
    resolution: {integrity: sha512-ru4H6ezD7ysA5EiEK6qkkaEb4modH8CTej6kUy/gQi20u3kB3G7Zn8snXXkeJSCOFKG/rbPPtM/+9Wgas1961w==}
    cpu: [ppc64]
    os: [linux]
    libc: [glibc]

  '@rollup/rollup-linux-ppc64-musl@4.62.4':
    resolution: {integrity: sha512-2W4MO5WQVJnbJaZdvDb9rhBDuFU1nKIepPFpJUBsTh2k1YY2g+ODViaWuyOAjQ5cOP7NvrvLzt3wvHOoiAvc7w==}
    cpu: [ppc64]
    os: [linux]
    libc: [musl]

  '@rollup/rollup-linux-riscv64-gnu@4.62.4':
    resolution: {integrity: sha512-+fxjfuoAmVMCYV5QyjoIpu0cp5DOiOTeqYFk1AVaxGr+/ravWLX89XfQmptsoWcaVy/TGf2hexzbUOrCQIL1CQ==}
    cpu: [riscv64]
    os: [linux]
    libc: [glibc]

  '@rollup/rollup-linux-riscv64-musl@4.62.4':
    resolution: {integrity: sha512-jTn8JfHGL4djjFxPuM06LmNUJDsst2jeVlsd9OmIH6zc5sC9K6rIuO4YajXatLUpBmBKl6b35ro1QZocLi+tcA==}
    cpu: [riscv64]
    os: [linux]
    libc: [musl]

  '@rollup/rollup-linux-s390x-gnu@4.62.4':
    resolution: {integrity: sha512-oCJCJL4pXsoDcP2QZ+JVlPTIRc6266zsIaeJJsWImmF7HO0W8nb6HuSgZlMWxJwaPf8ehbSw8yo0EUw925hKsA==}
    cpu: [s390x]
    os: [linux]
    libc: [glibc]

  '@rollup/rollup-linux-x64-gnu@4.62.4':
    resolution: {integrity: sha512-W69hukhZ3KKNRCaMIEzKvcFye42hh0FE1+YoYaf5+Ikacuftoco6yO/xouz0hc5d5W/s3yBro5jRiuEE/Q5vUw==}
    cpu: [x64]
    os: [linux]
    libc: [glibc]

  '@rollup/rollup-linux-x64-musl@4.62.4':
    resolution: {integrity: sha512-qiXbGG2jkjXhzXpsFZSR2Xpb8DN/UaxYsbb/STbuR/6fpaDgRmmaq1B/LmtF2wQFOFOSsK2jdE0RZ3a0zHn4QA==}
    cpu: [x64]
    os: [linux]
    libc: [musl]

  '@rollup/rollup-openbsd-x64@4.62.4':
    resolution: {integrity: sha512-nWeM//hxv8mIo6jD7Hu4o48DVmV9pbV6gsKaWU+4NFyqHoPKwrkRiZGLKUhOBk8qNmDmpwFtPKg80Bo/Tn4xiQ==}
    cpu: [x64]
    os: [openbsd]

  '@rollup/rollup-openharmony-arm64@4.62.4':
    resolution: {integrity: sha512-s62SQ/vgsRSvMwDkOEfTqfgASF0f26ZNaQuTA6Aok5lrikf89yI2W0gFHvZb2Jpgc6N8JnOKZgCK2iciO3CsxQ==}
    cpu: [arm64]
    os: [openharmony]

  '@rollup/rollup-win32-arm64-msvc@4.62.4':
    resolution: {integrity: sha512-J6wGf8TVGbXJq+HH+ttTvrcfNKPbuZecV6KT1B8I18BC5IURUh5kl4Yl5OEP5eFIUoI5BWxCsyYMhFsDx8kekw==}
    cpu: [arm64]
    os: [win32]

  '@rollup/rollup-win32-ia32-msvc@4.62.4':
    resolution: {integrity: sha512-zmfrQd/0wu6oJs8Vq8KwY/YtsKSsLtKe/HwAP4Wqy8LhWjeT55fHRAkOhYQ12wI3ayS4Tt12d5CDRD7N96SAYQ==}
    cpu: [ia32]
    os: [win32]

  '@rollup/rollup-win32-x64-gnu@4.62.4':
    resolution: {integrity: sha512-qPzHqdj9rfUD+w79dtE07zi/kFwKyCJqplp5K5ygeLTp7jLpAoc16OAH39HSmRC9UpozaecsleI8uAdEj6v2yw==}
    cpu: [x64]
    os: [win32]

  '@rollup/rollup-win32-x64-msvc@4.62.4':
    resolution: {integrity: sha512-zD6NdeWEByGE9QF9vCrlJ5YQB4oq9q91kPZS37Jwj5hOkvR1lTBSpsKhKDw4IJtbQ35LsTS1HD9DZYGKIshU1Q==}
    cpu: [x64]
    os: [win32]

  '@standard-schema/spec@1.1.0':
    resolution: {integrity: sha512-l2aFy5jALhniG5HgqrD6jXLi/rUWrKvqN/qJx6yoJsgKhblVd+iqqU4RCXavm/jPityDo5TCvKMnpjKnOriy0w==}

  '@sveltejs/acorn-typescript@1.0.13':
    resolution: {integrity: sha512-wgKggnhZVL9Bfx1OaKKTrYY9BFRk6C8UAkQNUcIv1+llzYrIqy+RZm5HPKzn0NpEBvTVhTqB4kQyllZywsRBRQ==}
    peerDependencies:
      acorn: ^8.9.0

  '@sveltejs/adapter-static@3.0.6':
    resolution: {integrity: sha512-MGJcesnJWj7FxDcB/GbrdYD3q24Uk0PIL4QIX149ku+hlJuj//nxUbb0HxUTpjkecWfHjVveSUnUaQWnPRXlpg==}
    peerDependencies:
      '@sveltejs/kit': ^2.0.0

  '@sveltejs/kit@2.70.3':
    resolution: {integrity: sha512-UDvEYuZqAMbfB/oXIoqKvbKcb7YczK5zYrzmsGV1zRJk03jntwp8dXiYoIJotxAndsKvcPFtx9H1GRSKFdSHgg==}
    engines: {node: '>=18.13'}
    hasBin: true
    peerDependencies:
      '@opentelemetry/api': ^1.0.0
      '@sveltejs/vite-plugin-svelte': ^3.0.0 || ^4.0.0-next.1 || ^5.0.0 || ^6.0.0-next.0 || ^7.0.0
      svelte: ^4.0.0 || ^5.0.0-next.0
      typescript: ^5.3.3 || ^6.0.0
      vite: ^5.0.3 || ^6.0.0 || ^7.0.0-beta.0 || ^8.0.0
    peerDependenciesMeta:
      '@opentelemetry/api':
        optional: true
      typescript:
        optional: true

  '@sveltejs/load-config@0.2.3':
    resolution: {integrity: sha512-VT3qmUb8pRV2QrZjd8iAmtg8lf4W0TIjZbvXtz5MKei/q96teWZgGJyyidJzOjzZzvdq616eSRVeMYIQChUTAQ==}
    engines: {node: '>= 18.0.0'}

  '@sveltejs/vite-plugin-svelte-inspector@3.0.0-next.0':
    resolution: {integrity: sha512-IYH47U1v1zNj4hqt88xTBl6oqXjtCPISTGsyEq4Q417pfd5bG8rPqSaF1U7ITjiWZu74U/Kbiz3AzWW+ImgZ0w==}
    engines: {node: ^18.0.0 || ^20.0.0 || >=22}
    peerDependencies:
      '@sveltejs/vite-plugin-svelte': ^4.0.0-next.0
      svelte: ^5.0.0-next.96 || ^5.0.0
      vite: ^5.0.0

  '@sveltejs/vite-plugin-svelte@5.0.0':
    resolution: {integrity: sha512-/yc45GfWmQ20uG328Oeg4YH5/ygey8sPXwXU1rTEFE/RvSRiHGPHVxFFvSYlZ0S7/bLmmX6cr2Ys4le7ugQISw==}
    engines: {node: ^18.0.0 || ^20.0.0 || >=22}
    peerDependencies:
      svelte: ^5.0.0
      vite: ^6.0.0

  '@tauri-apps/api@2.11.1':
    resolution: {integrity: sha512-M2FPuYND2m+wh5hfW9ZpSdxMPdEJovPBWwoHJmwUpysTYNHaOkVFN419m/K0LIgjb/7KU2vBgsUepJWugQCvAA==}

  '@tauri-apps/cli-darwin-arm64@2.11.4':
    resolution: {integrity: sha512-1ryOF3ZhpZ/nemHV5zVwBQBz9jDGKmKPvWPADOhc83ig0P4bMc2iER4NbC6r9sjeIZ6RVQ4g3RZIYvezhcl4TQ==}
    engines: {node: '>= 10'}
    cpu: [arm64]
    os: [darwin]

  '@tauri-apps/cli-darwin-x64@2.11.4':
    resolution: {integrity: sha512-uFsGQAAfuyz1k/yGLmkWfkBlgKAqZfxqlHmLWx81QU27RJWfmbNHCIq8T8w1e+VClleIuZUjpHWfoE4E3DLo3A==}
    engines: {node: '>= 10'}
    cpu: [x64]
    os: [darwin]

  '@tauri-apps/cli-linux-arm-gnueabihf@2.11.4':
    resolution: {integrity: sha512-IaHZn5CdBL21oUmjiVOS1ctw6Ip1O0pjp70FwOWmYz1myWe0SY96ZIj2FYf7pT0m8bI2h/hrs5ZbEXXh44/MkQ==}
    engines: {node: '>= 10'}
    cpu: [arm]
    os: [linux]

  '@tauri-apps/cli-linux-arm64-gnu@2.11.4':
    resolution: {integrity: sha512-N41/ukTRVe6XSuUTESuFdGeOW2i7k62tK+6gHK5Kd5/q5RPvvi19GaWAVPPb9u95HSGmTChSolBfzynUsssFaA==}
    engines: {node: '>= 10'}
    cpu: [arm64]
    os: [linux]
    libc: [glibc]

  '@tauri-apps/cli-linux-arm64-musl@2.11.4':
    resolution: {integrity: sha512-v277UnT/fB64xAfSroL5N3Km3tLmvATWqJJw/wRI+g6o+HkeD0slyE7gOhNs1MbjE41R7bQOTxMVoL3aomUJmw==}
    engines: {node: '>= 10'}
    cpu: [arm64]
    os: [linux]
    libc: [musl]

  '@tauri-apps/cli-linux-riscv64-gnu@2.11.4':
    resolution: {integrity: sha512-qqgNkQ2u1yZHxjhxsZaxUtRDW8dIqIYm33rx/mzwQv0SfY9x1B+iraj8vWeFiXjjSVVhEMepXSOts1TqPzvXNQ==}
    engines: {node: '>= 10'}
    cpu: [riscv64]
    os: [linux]
    libc: [glibc]

  '@tauri-apps/cli-linux-x64-gnu@2.11.4':
    resolution: {integrity: sha512-2VRNWl84FOH0m2giiDkO2h0QXlcMJeX+zJDpI5kDIQAx6s+geF3v48F4DXfJez4GS/FdoDGnPnw1C2iYGbQ7bQ==}
    engines: {node: '>= 10'}
    cpu: [x64]
    os: [linux]
    libc: [glibc]

  '@tauri-apps/cli-linux-x64-musl@2.11.4':
    resolution: {integrity: sha512-o9GyhYor/nc7xarmwDE3ka2szuW3uuZzXjHWh64Q8YX5AtSgxdQkFWzrY4O8KiGtVNvFBI14H3Q49Qj5TOIP/A==}
    engines: {node: '>= 10'}
    cpu: [x64]
    os: [linux]
    libc: [musl]

  '@tauri-apps/cli-win32-arm64-msvc@2.11.4':
    resolution: {integrity: sha512-ld5Ehb598m0VkYyylRPNeCFsBe/km0jxis6KgMpl3IGY6I/i1RwQXO05I1AsXUXO2WC6AvB/Lw4qTf/asiuEiQ==}
    engines: {node: '>= 10'}
    cpu: [arm64]
    os: [win32]

  '@tauri-apps/cli-win32-ia32-msvc@2.11.4':
    resolution: {integrity: sha512-12Hxi0XX/H5VFxO/bGgHkFWhml9VMgEOu9CidjeCeTNQ1l6fpUlbiGgSP7CLI3PFtW9/FfbeHieZ+kyWK5H7CA==}
    engines: {node: '>= 10'}
    cpu: [ia32]
    os: [win32]

  '@tauri-apps/cli-win32-x64-msvc@2.11.4':
    resolution: {integrity: sha512-+vDiqBIU5dMISg/wNvX3sF+ZHfgJGJ5T0AcO+EHNXV9GGAG+P5fzodlDXD3QdKCRgZxMoCm5PPvj3BqLNjBthw==}
    engines: {node: '>= 10'}
    cpu: [x64]
    os: [win32]

  '@tauri-apps/cli@2.11.4':
    resolution: {integrity: sha512-R8xGtMpwyetawSqm9kYOuMmEqkhUbvcUy8n0aNXIxollKBLESUu5f4Fx+64hgASYm1H+jSWq6jCW6zqTnH6hqQ==}
    engines: {node: '>= 10'}
    hasBin: true

  '@tauri-apps/plugin-dialog@2.7.2':
    resolution: {integrity: sha512-pX0IGm1I3I6wc+zeKYcq1GSqogK6okCNX5fOdaNU5ab1AjGS6l1E5wFNjEb7meg7ZFSp0JUs+0jQGQNyOvLrsg==}

  '@tauri-apps/plugin-notification@2.3.3':
    resolution: {integrity: sha512-Zw+ZH18RJb41G4NrfHgIuofJiymusqN+q8fGUIIV7vyCH+5sSn5coqRv/MWB9qETsUs97vmU045q7OyseCV3Qg==}

  '@tauri-apps/plugin-opener@2.5.4':
    resolution: {integrity: sha512-1HnPkb+AmgO29HBazm4uPLKB+r7zzcTBW1d0fyYp1uP+jwtpoiNDGKMMzz58SFp49nOIrxdE3aUJtT57lfO9CQ==}

  '@types/cookie@0.6.0':
    resolution: {integrity: sha512-4Kh9a6B2bQciAhf7FSuMRRkUWecJgJu9nPnx3yzpsfXX/c50REIqpHY4C82bXP90qrLtXtkDxTZosYO3UpOwlA==}

  '@types/estree@1.0.9':
    resolution: {integrity: sha512-GhdPgy1el4/ImP05X05Uw4cw2/M93BCUmnEvWZNStlCzEKME4Fkk+YpoA5OiHNQmoS7Cafb8Xa3Pya8m1Qrzeg==}

  '@types/trusted-types@2.0.7':
    resolution: {integrity: sha512-ScaPdn1dQczgbl0QFTeTOmVHFULt394XJgOQNoyVhZ6r2vLnMLJfBPd53SB52T/3G36VI1/g2MZaX0cwDuXsfw==}

  '@xterm/addon-fit@0.11.0':
    resolution: {integrity: sha512-jYcgT6xtVYhnhgxh3QgYDnnNMYTcf8ElbxxFzX0IZo+vabQqSPAjC3c1wJrKB5E19VwQei89QCiZZP86DCPF7g==}

  '@xterm/xterm@6.0.0':
    resolution: {integrity: sha512-TQwDdQGtwwDt+2cgKDLn0IRaSxYu1tSUjgKarSDkUM0ZNiSRXFpjxEsvc/Zgc5kq5omJ+V0a8/kIM2WD3sMOYg==}

  acorn@8.18.0:
    resolution: {integrity: sha512-lGq+9yr1/GuAWaVYIHRjvvySG5/4VfKIvC8EWxStPdcDh/Ka7FG3twP6v4d5BkravUilhIAsG4Qj83t02LWUPQ==}
    engines: {node: '>=0.4.0'}
    hasBin: true

  aria-query@5.3.1:
    resolution: {integrity: sha512-Z/ZeOgVl7bcSYZ/u/rh0fOpvEpq//LZmdbkXyc7syVzjPAhfOa9ebsdTSjEBDU4vs5nC98Kfduj1uFo0qyET3g==}
    engines: {node: '>= 0.4'}

  axobject-query@4.1.0:
    resolution: {integrity: sha512-qIj0G9wZbMGNLjLmg1PT6v2mE9AH2zlnADJD/2tC6E00hgmhUOfEB6greHPAfLRSufHqROIUTkw6E+M3lH0PTQ==}
    engines: {node: '>= 0.4'}

  chokidar@4.0.3:
    resolution: {integrity: sha512-Qgzu8kfBvo+cA4962jnP1KkS6Dop5NS6g7R5LFYJr4b8Ub94PPQXUksCw9PvXoeXPRRddRNC5C1JQUR2SMGtnA==}
    engines: {node: '>= 14.16.0'}

  clsx@2.1.1:
    resolution: {integrity: sha512-eYm0QWBtUrBWZWG0d386OGAw16Z995PiOVo2B7bjWSbHedGl5e0ZWaq65kOGgUSNesEIDkB9ISbTg/JK9dhCZA==}
    engines: {node: '>=6'}

  cookie@0.6.0:
    resolution: {integrity: sha512-U71cyTamuh1CRNCfpGY6to28lxvNwPG4Guz/EVjgf3Jmzv0vlDp1atT9eS5dDjMYHucpHbWns6Lwf3BKz6svdw==}
    engines: {node: '>= 0.6'}

  debug@4.4.3:
    resolution: {integrity: sha512-RGwwWnwQvkVfavKVt22FGLw+xYSdzARwm0ru6DhTVA3umU5hZc28V3kO4stgYryrTlLpuvgI9GiijltAjNbcqA==}
    engines: {node: '>=6.0'}
    peerDependencies:
      supports-color: '*'
    peerDependenciesMeta:
      supports-color:
        optional: true

  deepmerge@4.3.1:
    resolution: {integrity: sha512-3sUqbMEc77XqpdNO7FRyRog+eW3ph+GYCbj+rK+uYyRMuwsVy0rMiVtPn+QJlKFvWP/1PYpapqYn0Me2knFn+A==}
    engines: {node: '>=0.10.0'}

  devalue@5.9.0:
    resolution: {integrity: sha512-RWrqdArjvPbsATEhOPUo6Wndc/iWnkWKlhIrdlF3zMMYo/c3CVtoaVAyLtWxz5h8nSlkHzxnzV2uLydPXmtF+A==}

  esbuild@0.25.0:
    resolution: {integrity: sha512-BXq5mqc8ltbaN34cDqWuYKyNhX8D/Z0J1xdtdQ8UcIIIyJyz+ZMKUt58tF3SrZ85jcfN/PZYhjR5uDQAYNVbuw==}
    engines: {node: '>=18'}
    hasBin: true

  esm-env@1.2.2:
    resolution: {integrity: sha512-Epxrv+Nr/CaL4ZcFGPJIYLWFom+YeV1DqMLHJoEd9SYRxNbaFruBwfEX/kkHUJf55j2+TUbmDcmuilbP1TmXHA==}

  esrap@2.3.5:
    resolution: {integrity: sha512-KciPkeZZX8srrh6xELzLR2cBaWOzgBQ4CwggO6Dh/KMlrfOcIcfyXCVy/Vvc3/OlS5gvFOd5tcxUYuaGM8o45A==}
    peerDependencies:
      '@typescript-eslint/types': ^8.2.0
    peerDependenciesMeta:
      '@typescript-eslint/types':
        optional: true

  fdir@6.5.0:
    resolution: {integrity: sha512-tIbYtZbucOs0BRGqPJkshJUYdL+SDH7dVM8gjy+ERp3WAUjLEFJE+02kanyHtwjWOnwrKYBiwAmM0p4kLJAnXg==}
    engines: {node: '>=12.0.0'}
    peerDependencies:
      picomatch: ^3 || ^4
    peerDependenciesMeta:
      picomatch:
        optional: true

  fsevents@2.3.3:
    resolution: {integrity: sha512-5xoDfX+fL7faATnagmWPpbFtwh/R77WmMMqqHGS65C3vvB0YHrgF+B1YmZ3441tMj5n63k0212XNoJwzlhffQw==}
    engines: {node: ^8.16.0 || ^10.6.0 || >=11.0.0}
    os: [darwin]

  is-reference@3.0.3:
    resolution: {integrity: sha512-ixkJoqQvAP88E6wLydLGGqCJsrFUnqoH6HnaczB8XmDH1oaWU+xxdptvikTgaEhtZ53Ky6YXiBuUI2WXLMCwjw==}

  kleur@4.1.5:
    resolution: {integrity: sha512-o+NO+8WrRiQEE4/7nwRJhN1HWpVmJm511pBHUxPLtp0BUISzlBplORYSmTclCnJvQq2tKu/sgl3xVpkc7ZWuQQ==}
    engines: {node: '>=6'}

  locate-character@3.0.0:
    resolution: {integrity: sha512-SW13ws7BjaeJ6p7Q6CO2nchbYEc3X3J6WrmTTDto7yMPqVSZTUyY5Tjbid+Ab8gLnATtygYtiDIJGQRRn2ZOiA==}

  magic-string@0.30.11:
    resolution: {integrity: sha512-+Wri9p0QHMy+545hKww7YAu5NyzF8iomPL/RQazugQ9+Ez4Ic3mERMd8ZTX5rfK944j+560ZJi8iAwgak1Ac7A==}

  magic-string@0.30.13:
    resolution: {integrity: sha512-8rYBO+MsWkgjDSOvLomYnzhdwEG51olQ4zL5KXnNJWV5MNmrb4rTZdrtkhxjnD/QyZUqR/Z/XDsUs/4ej2nx0g==}

  magic-string@0.30.5:
    resolution: {integrity: sha512-7xlpfBaQaP/T6Vh8MO/EqXSW5En6INHEvEXQiuff7Gku0PWjU3uf6w/j9o7O+SpB5fOAkrI5HeoNgwjEO0pFsA==}
    engines: {node: '>=12'}

  mri@1.2.0:
    resolution: {integrity: sha512-tzzskb3bG8LvYGFF/mDTpq3jpI6Q9wc3LEmBaghu+DdCssd1FakN7Bc0hVNmEyGq1bq3RgfkCb3cmQLpNPOroA==}
    engines: {node: '>=4'}

  mrmime@2.0.1:
    resolution: {integrity: sha512-Y3wQdFg2Va6etvQ5I82yUhGdsKrcYox6p7FfL1LbK2J4V01F9TGlepTIhnK24t7koZibmg82KGglhA1XK5IsLQ==}
    engines: {node: '>=10'}

  ms@2.1.3:
    resolution: {integrity: sha512-6FlzubTLZG3J2a/NVCAleEhjzq5oxgHyaCU9yYXvcLsvoVaHJq/s5xXI6/XXP6tz7R9xAOtHnSO/tXtF3WRTlA==}

  nanoid@3.3.18:
    resolution: {integrity: sha512-DTg4MJbGMWkfi6VZFdNt2/caMbQy4Ou+Op/hJQvGEWcnVfoA1QA+xzRKAzw9jD6+GVOOeYr/mIcuDSdug6F6+w==}
    engines: {node: ^10 || ^12 || ^13.7 || ^14 || >=15.0.1}
    hasBin: true

  picocolors@1.1.1:
    resolution: {integrity: sha512-xceH2snhtb5M9liqDsmEw56le376mTZkEX/jEb/RxNFyegNul7eNslCXP9FDj/Lcu0X8KEyMceP2ntpaHrDEVA==}

  picomatch@4.0.5:
    resolution: {integrity: sha512-RvwwcruNjI1ncT5xRakeyS9Lf8lcItv34KD+aif+VH9kduAyfYBipGh12274xtenIPZ119/R9BdTBa8gAwSh0A==}
    engines: {node: '>=12'}

  postcss@8.5.26:
    resolution: {integrity: sha512-u82N74LFzG8ca+dD8puPnplTXoGH4fTPpVGuIbt36G3qvNlkvfD0lEAZSxaly3KX8TS/L1A1gsCEmvKmBcVbkQ==}
    engines: {node: ^10 || ^12 || >=14}

  readdirp@4.0.1:
    resolution: {integrity: sha512-GkMg9uOTpIWWKbSsgwb5fA4EavTR+SG/PMPoAY8hkhHfEEY0/vqljY+XHqtDf2cr2IJtoNRDbrrEpZUiZCkYRw==}
    engines: {node: '>= 14.16.0'}

  rollup@4.62.4:
    resolution: {integrity: sha512-RXOqwaPsBGjMNMa4sQjDjHieHEZDFoj/Rdr46l2MU5DfEs16wHJPC2RPTPHWhNl+M3aI472LLqFkFKut4SblOg==}
    engines: {node: '>=18.0.0', npm: '>=8.0.0'}
    hasBin: true

  sade@1.8.1:
    resolution: {integrity: sha512-xal3CZX1Xlo/k4ApwCFrHVACi9fBqJ7V+mwhBsuf/1IOKbBy098Fex+Wa/5QMubw09pSZ/u8EY8PWgevJsXp1A==}
    engines: {node: '>=6'}

  set-cookie-parser@3.1.2:
    resolution: {integrity: sha512-5/r/lTwbJ3zQ+qwdUFZYeRNqda7P5HD8zQKqlSjdGt1/S0cjLAphHusj4Y58ahDtWn/g32xrIS58/ikOvwl0Lw==}

  sirv@3.0.2:
    resolution: {integrity: sha512-2wcC/oGxHis/BoHkkPwldgiPSYcpZK3JU28WoMVv55yHJgcZ8rlXvuG9iZggz+sU1d4bRgIGASwyWqjxu3FM0g==}
    engines: {node: '>=18'}

  source-map-js@1.2.1:
    resolution: {integrity: sha512-UXWMKhLOwVKb728IUtQPXxfYU+usdybtUrK/8uGE8CQMvrhOpwvzDBwj0QhSL7MQc7vIsISBG8VQ8+IDQxpfQA==}
    engines: {node: '>=0.10.0'}

  svelte-check@4.7.6:
    resolution: {integrity: sha512-t2scM//ZuVbSY/T2w6FSBw1v9s2NEmh/g+sy1lqtosW5ylBV5AF4wFb1Ts9Kf3MbfPDUDJDZ9L436YT0SPTdvw==}
    engines: {node: '>= 18.0.0'}
    hasBin: true
    peerDependencies:
      svelte: ^4.0.0 || ^5.0.0-next.0
      typescript: ^5.0.0 || ^6.0.0

  svelte@5.56.9:
    resolution: {integrity: sha512-VT8kSnlEg8069w7AiCcAk3Yf5xvMnrGTagVOmU/OpOLHaHnNqXhWZCH/4EVga/bT/HtWhvE6/fHrXLErx7OnJA==}
    engines: {node: '>=18'}

  tinyglobby@0.2.17:
    resolution: {integrity: sha512-wXR/dYpcqKmfWpEdZjiKJOwCNFndD0DMnrW/cYjVGttEkBfVgcLFHoNrlj47mjOVic9yyNu65alsgF4NQyTa2g==}
    engines: {node: '>=12.0.0'}

  totalist@3.0.1:
    resolution: {integrity: sha512-sf4i37nQ2LBx4m3wB74y+ubopq6W/dIzXg0FDGjsYnZHVa1Da8FH853wlL2gtUhg+xJXjfk3kUZS3BRoQeoQBQ==}
    engines: {node: '>=6'}

  typescript@5.6.2:
    resolution: {integrity: sha512-NW8ByodCSNCwZeghjN3o+JX5OFH0Ojg6sadjEKY4huZ52TqbJTJnDo5+Tw98lSy63NZvi4n+ez5m2u5d4PkZyw==}
    engines: {node: '>=14.17'}
    hasBin: true

  vite@6.4.3:
    resolution: {integrity: sha512-NTKlcQjlAK7MlQoyb6LgaqHc8sso/pVyUJYWMws3jg21uTJw/LddqIFPcPqP6PzpgbIcZyKI85sFE4HBrQDA8A==}
    engines: {node: ^18.0.0 || ^20.0.0 || >=22.0.0}
    hasBin: true
    peerDependencies:
      '@types/node': ^18.0.0 || ^20.0.0 || >=22.0.0
      jiti: '>=1.21.0'
      less: '*'
      lightningcss: ^1.21.0
      sass: '*'
      sass-embedded: '*'
      stylus: '*'
      sugarss: '*'
      terser: ^5.16.0
      tsx: ^4.8.1
      yaml: ^2.4.2
    peerDependenciesMeta:
      '@types/node':
        optional: true
      jiti:
        optional: true
      less:
        optional: true
      lightningcss:
        optional: true
      sass:
        optional: true
      sass-embedded:
        optional: true
      stylus:
        optional: true
      sugarss:
        optional: true
      terser:
        optional: true
      tsx:
        optional: true
      yaml:
        optional: true

  vitefu@1.1.3:
    resolution: {integrity: sha512-ub4okH7Z5KLjb6hDyjqrGXqWtWvoYdU3IGm/NorpgHncKoLTCfRIbvlhBm7r0YstIaQRYlp4yEbFqDcKSzXSSg==}
    peerDependencies:
      vite: ^3.0.0 || ^4.0.0 || ^5.0.0 || ^6.0.0 || ^7.0.0 || ^8.0.0
    peerDependenciesMeta:
      vite:
        optional: true

  zimmerframe@1.1.4:
    resolution: {integrity: sha512-B58NGBEoc8Y9MWWCQGl/gq9xBCe4IiKM0a2x7GZdQKOW5Exr8S1W24J6OgM1njK8xCRGvAJIL/MxXHf6SkmQKQ==}

snapshots:

  '@esbuild/aix-ppc64@0.25.0':
    optional: true

  '@esbuild/android-arm64@0.25.0':
    optional: true

  '@esbuild/android-arm@0.25.0':
    optional: true

  '@esbuild/android-x64@0.25.0':
    optional: true

  '@esbuild/darwin-arm64@0.25.0':
    optional: true

  '@esbuild/darwin-x64@0.25.0':
    optional: true

  '@esbuild/freebsd-arm64@0.25.0':
    optional: true

  '@esbuild/freebsd-x64@0.25.0':
    optional: true

  '@esbuild/linux-arm64@0.25.0':
    optional: true

  '@esbuild/linux-arm@0.25.0':
    optional: true

  '@esbuild/linux-ia32@0.25.0':
    optional: true

  '@esbuild/linux-loong64@0.25.0':
    optional: true

  '@esbuild/linux-mips64el@0.25.0':
    optional: true

  '@esbuild/linux-ppc64@0.25.0':
    optional: true

  '@esbuild/linux-riscv64@0.25.0':
    optional: true

  '@esbuild/linux-s390x@0.25.0':
    optional: true

  '@esbuild/linux-x64@0.25.0':
    optional: true

  '@esbuild/netbsd-arm64@0.25.0':
    optional: true

  '@esbuild/netbsd-x64@0.25.0':
    optional: true

  '@esbuild/openbsd-arm64@0.25.0':
    optional: true

  '@esbuild/openbsd-x64@0.25.0':
    optional: true

  '@esbuild/sunos-x64@0.25.0':
    optional: true

  '@esbuild/win32-arm64@0.25.0':
    optional: true

  '@esbuild/win32-ia32@0.25.0':
    optional: true

  '@esbuild/win32-x64@0.25.0':
    optional: true

  '@jridgewell/gen-mapping@0.3.5':
    dependencies:
      '@jridgewell/set-array': 1.2.1
      '@jridgewell/sourcemap-codec': 1.5.0
      '@jridgewell/trace-mapping': 0.3.31

  '@jridgewell/remapping@2.3.5':
    dependencies:
      '@jridgewell/gen-mapping': 0.3.5
      '@jridgewell/trace-mapping': 0.3.31

  '@jridgewell/resolve-uri@3.1.2': {}

  '@jridgewell/set-array@1.2.1': {}

  '@jridgewell/sourcemap-codec@1.4.14': {}

  '@jridgewell/sourcemap-codec@1.4.15': {}

  '@jridgewell/sourcemap-codec@1.5.0': {}

  '@jridgewell/trace-mapping@0.3.31':
    dependencies:
      '@jridgewell/resolve-uri': 3.1.2
      '@jridgewell/sourcemap-codec': 1.4.14

  '@napi-rs/lzma-linux-x64-gnu@1.5.1':
    optional: true

  '@polka/url@1.0.0-next.29': {}

  '@rollup/rollup-android-arm-eabi@4.62.4':
    optional: true

  '@rollup/rollup-android-arm64@4.62.4':
    optional: true

  '@rollup/rollup-darwin-arm64@4.62.4':
    optional: true

  '@rollup/rollup-darwin-x64@4.62.4':
    optional: true

  '@rollup/rollup-freebsd-arm64@4.62.4':
    optional: true

  '@rollup/rollup-freebsd-x64@4.62.4':
    optional: true

  '@rollup/rollup-linux-arm-gnueabihf@4.62.4':
    optional: true

  '@rollup/rollup-linux-arm-musleabihf@4.62.4':
    optional: true

  '@rollup/rollup-linux-arm64-gnu@4.62.4':
    optional: true

  '@rollup/rollup-linux-arm64-musl@4.62.4':
    optional: true

  '@rollup/rollup-linux-loong64-gnu@4.62.4':
    optional: true

  '@rollup/rollup-linux-loong64-musl@4.62.4':
    optional: true

  '@rollup/rollup-linux-ppc64-gnu@4.62.4':
    optional: true

  '@rollup/rollup-linux-ppc64-musl@4.62.4':
    optional: true

  '@rollup/rollup-linux-riscv64-gnu@4.62.4':
    optional: true

  '@rollup/rollup-linux-riscv64-musl@4.62.4':
    optional: true

  '@rollup/rollup-linux-s390x-gnu@4.62.4':
    optional: true

  '@rollup/rollup-linux-x64-gnu@4.62.4':
    optional: true

  '@rollup/rollup-linux-x64-musl@4.62.4':
    optional: true

  '@rollup/rollup-openbsd-x64@4.62.4':
    optional: true

  '@rollup/rollup-openharmony-arm64@4.62.4':
    optional: true

  '@rollup/rollup-win32-arm64-msvc@4.62.4':
    optional: true

  '@rollup/rollup-win32-ia32-msvc@4.62.4':
    optional: true

  '@rollup/rollup-win32-x64-gnu@4.62.4':
    optional: true

  '@rollup/rollup-win32-x64-msvc@4.62.4':
    optional: true

  '@standard-schema/spec@1.1.0': {}

  '@sveltejs/acorn-typescript@1.0.13(acorn@8.18.0)':
    dependencies:
      acorn: 8.18.0

  '@sveltejs/adapter-static@3.0.6(@sveltejs/kit@2.70.3(@sveltejs/vite-plugin-svelte@5.0.0(svelte@5.56.9)(vite@6.4.3))(svelte@5.56.9)(typescript@5.6.2)(vite@6.4.3))':
    dependencies:
      '@sveltejs/kit': 2.70.3(@sveltejs/vite-plugin-svelte@5.0.0(svelte@5.56.9)(vite@6.4.3))(svelte@5.56.9)(typescript@5.6.2)(vite@6.4.3)

  '@sveltejs/kit@2.70.3(@sveltejs/vite-plugin-svelte@5.0.0(svelte@5.56.9)(vite@6.4.3))(svelte@5.56.9)(typescript@5.6.2)(vite@6.4.3)':
    dependencies:
      '@standard-schema/spec': 1.1.0
      '@sveltejs/acorn-typescript': 1.0.13(acorn@8.18.0)
      '@sveltejs/vite-plugin-svelte': 5.0.0(svelte@5.56.9)(vite@6.4.3)
      '@types/cookie': 0.6.0
      acorn: 8.18.0
      cookie: 0.6.0
      devalue: 5.9.0
      esm-env: 1.2.2
      kleur: 4.1.5
      magic-string: 0.30.5
      mrmime: 2.0.1
      set-cookie-parser: 3.1.2
      sirv: 3.0.2
      svelte: 5.56.9
      vite: 6.4.3
    optionalDependencies:
      typescript: 5.6.2

  '@sveltejs/load-config@0.2.3': {}

  '@sveltejs/vite-plugin-svelte-inspector@3.0.0-next.0(@sveltejs/vite-plugin-svelte@5.0.0(svelte@5.56.9)(vite@6.4.3))(svelte@5.56.9)(vite@6.4.3)':
    dependencies:
      '@sveltejs/vite-plugin-svelte': 5.0.0(svelte@5.56.9)(vite@6.4.3)
      debug: 4.4.3
      svelte: 5.56.9
      vite: 6.4.3
    transitivePeerDependencies:
      - supports-color

  '@sveltejs/vite-plugin-svelte@5.0.0(svelte@5.56.9)(vite@6.4.3)':
    dependencies:
      '@sveltejs/vite-plugin-svelte-inspector': 3.0.0-next.0(@sveltejs/vite-plugin-svelte@5.0.0(svelte@5.56.9)(vite@6.4.3))(svelte@5.56.9)(vite@6.4.3)
      debug: 4.4.3
      deepmerge: 4.3.1
      kleur: 4.1.5
      magic-string: 0.30.13
      svelte: 5.56.9
      vite: 6.4.3
      vitefu: 1.1.3(vite@6.4.3)
    transitivePeerDependencies:
      - supports-color

  '@tauri-apps/api@2.11.1': {}

  '@tauri-apps/cli-darwin-arm64@2.11.4':
    optional: true

  '@tauri-apps/cli-darwin-x64@2.11.4':
    optional: true

  '@tauri-apps/cli-linux-arm-gnueabihf@2.11.4':
    optional: true

  '@tauri-apps/cli-linux-arm64-gnu@2.11.4':
    optional: true

  '@tauri-apps/cli-linux-arm64-musl@2.11.4':
    optional: true

  '@tauri-apps/cli-linux-riscv64-gnu@2.11.4':
    optional: true

  '@tauri-apps/cli-linux-x64-gnu@2.11.4':
    optional: true

  '@tauri-apps/cli-linux-x64-musl@2.11.4':
    optional: true

  '@tauri-apps/cli-win32-arm64-msvc@2.11.4':
    optional: true

  '@tauri-apps/cli-win32-ia32-msvc@2.11.4':
    optional: true

  '@tauri-apps/cli-win32-x64-msvc@2.11.4':
    optional: true

  '@tauri-apps/cli@2.11.4':
    optionalDependencies:
      '@tauri-apps/cli-darwin-arm64': 2.11.4
      '@tauri-apps/cli-darwin-x64': 2.11.4
      '@tauri-apps/cli-linux-arm-gnueabihf': 2.11.4
      '@tauri-apps/cli-linux-arm64-gnu': 2.11.4
      '@tauri-apps/cli-linux-arm64-musl': 2.11.4
      '@tauri-apps/cli-linux-riscv64-gnu': 2.11.4
      '@tauri-apps/cli-linux-x64-gnu': 2.11.4
      '@tauri-apps/cli-linux-x64-musl': 2.11.4
      '@tauri-apps/cli-win32-arm64-msvc': 2.11.4
      '@tauri-apps/cli-win32-ia32-msvc': 2.11.4
      '@tauri-apps/cli-win32-x64-msvc': 2.11.4

  '@tauri-apps/plugin-dialog@2.7.2':
    dependencies:
      '@tauri-apps/api': 2.11.1

  '@tauri-apps/plugin-notification@2.3.3':
    dependencies:
      '@tauri-apps/api': 2.11.1

  '@tauri-apps/plugin-opener@2.5.4':
    dependencies:
      '@tauri-apps/api': 2.11.1

  '@types/cookie@0.6.0': {}

  '@types/estree@1.0.9': {}

  '@types/trusted-types@2.0.7': {}

  '@xterm/addon-fit@0.11.0': {}

  '@xterm/xterm@6.0.0': {}

  acorn@8.18.0: {}

  aria-query@5.3.1: {}

  axobject-query@4.1.0: {}

  chokidar@4.0.3:
    dependencies:
      readdirp: 4.0.1

  clsx@2.1.1: {}

  cookie@0.6.0: {}

  debug@4.4.3:
    dependencies:
      ms: 2.1.3

  deepmerge@4.3.1: {}

  devalue@5.9.0: {}

  esbuild@0.25.0:
    optionalDependencies:
      '@esbuild/aix-ppc64': 0.25.0
      '@esbuild/android-arm': 0.25.0
      '@esbuild/android-arm64': 0.25.0
      '@esbuild/android-x64': 0.25.0
      '@esbuild/darwin-arm64': 0.25.0
      '@esbuild/darwin-x64': 0.25.0
      '@esbuild/freebsd-arm64': 0.25.0
      '@esbuild/freebsd-x64': 0.25.0
      '@esbuild/linux-arm': 0.25.0
      '@esbuild/linux-arm64': 0.25.0
      '@esbuild/linux-ia32': 0.25.0
      '@esbuild/linux-loong64': 0.25.0
      '@esbuild/linux-mips64el': 0.25.0
      '@esbuild/linux-ppc64': 0.25.0
      '@esbuild/linux-riscv64': 0.25.0
      '@esbuild/linux-s390x': 0.25.0
      '@esbuild/linux-x64': 0.25.0
      '@esbuild/netbsd-arm64': 0.25.0
      '@esbuild/netbsd-x64': 0.25.0
      '@esbuild/openbsd-arm64': 0.25.0
      '@esbuild/openbsd-x64': 0.25.0
      '@esbuild/sunos-x64': 0.25.0
      '@esbuild/win32-arm64': 0.25.0
      '@esbuild/win32-ia32': 0.25.0
      '@esbuild/win32-x64': 0.25.0

  esm-env@1.2.2: {}

  esrap@2.3.5:
    dependencies:
      '@jridgewell/sourcemap-codec': 1.5.0

  fdir@6.5.0(picomatch@4.0.5):
    optionalDependencies:
      picomatch: 4.0.5

  fsevents@2.3.3:
    optional: true

  is-reference@3.0.3:
    dependencies:
      '@types/estree': 1.0.9

  kleur@4.1.5: {}

  locate-character@3.0.0: {}

  magic-string@0.30.11:
    dependencies:
      '@jridgewell/sourcemap-codec': 1.5.0

  magic-string@0.30.13:
    dependencies:
      '@jridgewell/sourcemap-codec': 1.5.0

  magic-string@0.30.5:
    dependencies:
      '@jridgewell/sourcemap-codec': 1.4.15

  mri@1.2.0: {}

  mrmime@2.0.1: {}

  ms@2.1.3: {}

  nanoid@3.3.18: {}

  picocolors@1.1.1: {}

  picomatch@4.0.5: {}

  postcss@8.5.26:
    dependencies:
      nanoid: 3.3.18
      picocolors: 1.1.1
      source-map-js: 1.2.1

  readdirp@4.0.1: {}

  rollup@4.62.4:
    dependencies:
      '@types/estree': 1.0.9
    optionalDependencies:
      '@napi-rs/lzma-linux-x64-gnu': 1.5.1
      '@rollup/rollup-android-arm-eabi': 4.62.4
      '@rollup/rollup-android-arm64': 4.62.4
      '@rollup/rollup-darwin-arm64': 4.62.4
      '@rollup/rollup-darwin-x64': 4.62.4
      '@rollup/rollup-freebsd-arm64': 4.62.4
      '@rollup/rollup-freebsd-x64': 4.62.4
      '@rollup/rollup-linux-arm-gnueabihf': 4.62.4
      '@rollup/rollup-linux-arm-musleabihf': 4.62.4
      '@rollup/rollup-linux-arm64-gnu': 4.62.4
      '@rollup/rollup-linux-arm64-musl': 4.62.4
      '@rollup/rollup-linux-loong64-gnu': 4.62.4
      '@rollup/rollup-linux-loong64-musl': 4.62.4
      '@rollup/rollup-linux-ppc64-gnu': 4.62.4
      '@rollup/rollup-linux-ppc64-musl': 4.62.4
      '@rollup/rollup-linux-riscv64-gnu': 4.62.4
      '@rollup/rollup-linux-riscv64-musl': 4.62.4
      '@rollup/rollup-linux-s390x-gnu': 4.62.4
      '@rollup/rollup-linux-x64-gnu': 4.62.4
      '@rollup/rollup-linux-x64-musl': 4.62.4
      '@rollup/rollup-openbsd-x64': 4.62.4
      '@rollup/rollup-openharmony-arm64': 4.62.4
      '@rollup/rollup-win32-arm64-msvc': 4.62.4
      '@rollup/rollup-win32-ia32-msvc': 4.62.4
      '@rollup/rollup-win32-x64-gnu': 4.62.4
      '@rollup/rollup-win32-x64-msvc': 4.62.4
      fsevents: 2.3.3

  sade@1.8.1:
    dependencies:
      mri: 1.2.0

  set-cookie-parser@3.1.2: {}

  sirv@3.0.2:
    dependencies:
      '@polka/url': 1.0.0-next.29
      mrmime: 2.0.1
      totalist: 3.0.1

  source-map-js@1.2.1: {}

  svelte-check@4.7.6(picomatch@4.0.5)(svelte@5.56.9)(typescript@5.6.2):
    dependencies:
      '@jridgewell/trace-mapping': 0.3.31
      '@sveltejs/load-config': 0.2.3
      chokidar: 4.0.3
      fdir: 6.5.0(picomatch@4.0.5)
      picocolors: 1.1.1
      sade: 1.8.1
      svelte: 5.56.9
      typescript: 5.6.2
    transitivePeerDependencies:
      - picomatch

  svelte@5.56.9:
    dependencies:
      '@jridgewell/remapping': 2.3.5
      '@jridgewell/sourcemap-codec': 1.5.0
      '@sveltejs/acorn-typescript': 1.0.13(acorn@8.18.0)
      '@types/estree': 1.0.9
      '@types/trusted-types': 2.0.7
      acorn: 8.18.0
      aria-query: 5.3.1
      axobject-query: 4.1.0
      clsx: 2.1.1
      devalue: 5.9.0
      esm-env: 1.2.2
      esrap: 2.3.5
      is-reference: 3.0.3
      locate-character: 3.0.0
      magic-string: 0.30.11
      zimmerframe: 1.1.4
    transitivePeerDependencies:
      - '@typescript-eslint/types'

  tinyglobby@0.2.17:
    dependencies:
      fdir: 6.5.0(picomatch@4.0.5)
      picomatch: 4.0.5

  totalist@3.0.1: {}

  typescript@5.6.2: {}

  vite@6.4.3:
    dependencies:
      esbuild: 0.25.0
      fdir: 6.5.0(picomatch@4.0.5)
      picomatch: 4.0.5
      postcss: 8.5.26
      rollup: 4.62.4
      tinyglobby: 0.2.17
    optionalDependencies:
      fsevents: 2.3.3

  vitefu@1.1.3(vite@6.4.3):
    optionalDependencies:
      vite: 6.4.3

  zimmerframe@1.1.4: {}
